
Microsoft Visual Studio Solution File, Format Version 12.00
# Visual Studio Version 16
VisualStudioVersion = 16.0.31729.503
MinimumVisualStudioVersion = 10.0.40219.1
Project("{FAE04EC0-301F-11D3-BF4B-00C04F79EFBC}") = "Abstraction", "Abstraction\Abstraction.csproj", "{859144A0-B54B-4FE8-A022-1C1C834216A3}"
EndProject
Global
	GlobalSection(SolutionConfigurationPlatforms) = preSolution
		Debug|Any CPU = Debug|Any CPU
		Release|Any CPU = Release|Any CPU
	EndGlobalSection
	GlobalSection(ProjectConfigurationPlatforms) = postSolution
		{859144A0-B54B-4FE8-A022-1C1C834216A3}.Debug|Any CPU.ActiveCfg = Debug|Any CPU
		{859144A0-B54B-4FE8-A022-1C1C834216A3}.Debug|Any CPU.Build.0 = Debug|Any CPU
		{859144A0-B54B-4FE8-A022-1C1C834216A3}.Release|Any CPU.ActiveCfg = Release|Any CPU
		{859144A0-B54B-4FE8-A022-1C1C834216A3}.Release|Any CPU.Build.0 = Release|Any CPU
	EndGlobalSection
	GlobalSection(SolutionProperties) = preSolution
		HideSolutionNode = FALSE
	EndGlobalSection
	GlobalSection(ExtensibilityGlobals) = postSolution
		SolutionGuid = {0A076AE2-07FE-470C-A149-B197A3CEF5FB}
	EndGlobalSection
EndGlobal
