
Microsoft Visual Studio Solution File, Format Version 12.00
# Visual Studio Version 16
VisualStudioVersion = 16.0.31729.503
MinimumVisualStudioVersion = 10.0.40219.1
Project("{FAE04EC0-301F-11D3-BF4B-00C04F79EFBC}") = "reflection", "reflection\reflection.csproj", "{EE62F208-743E-44BD-A89F-5B4B340BCC43}"
EndProject
Global
	GlobalSection(SolutionConfigurationPlatforms) = preSolution
		Debug|Any CPU = Debug|Any CPU
		Release|Any CPU = Release|Any CPU
	EndGlobalSection
	GlobalSection(ProjectConfigurationPlatforms) = postSolution
		{EE62F208-743E-44BD-A89F-5B4B340BCC43}.Debug|Any CPU.ActiveCfg = Debug|Any CPU
		{EE62F208-743E-44BD-A89F-5B4B340BCC43}.Debug|Any CPU.Build.0 = Debug|Any CPU
		{EE62F208-743E-44BD-A89F-5B4B340BCC43}.Release|Any CPU.ActiveCfg = Release|Any CPU
		{EE62F208-743E-44BD-A89F-5B4B340BCC43}.Release|Any CPU.Build.0 = Release|Any CPU
	EndGlobalSection
	GlobalSection(SolutionProperties) = preSolution
		HideSolutionNode = FALSE
	EndGlobalSection
	GlobalSection(ExtensibilityGlobals) = postSolution
		SolutionGuid = {FB77C8A6-97F8-4831-AB2B-7774CCD50418}
	EndGlobalSection
EndGlobal
